
Microsoft Visual Studio Solution File, Format Version 12.00
# Visual Studio Version 16
VisualStudioVersion = 16.0.29728.190
MinimumVisualStudioVersion = 10.0.40219.1
Project("{9A19103F-16F7-4668-BE54-9A1E7A4F7556}") = "Harkkatyö", "Harkkatyö\Harkkatyö.csproj", "{C2333107-6FB4-4C77-9502-80F5A4600A57}"
EndProject
Global
	GlobalSection(SolutionConfigurationPlatforms) = preSolution
		Debug|Any CPU = Debug|Any CPU
		Debug|x64 = Debug|x64
		Dev|Any CPU = Dev|Any CPU
		Dev|x64 = Dev|x64
		Release|Any CPU = Release|Any CPU
		Release|x64 = Release|x64
	EndGlobalSection
	GlobalSection(ProjectConfigurationPlatforms) = postSolution
		{C2333107-6FB4-4C77-9502-80F5A4600A57}.Debug|Any CPU.ActiveCfg = Debug|Any CPU
		{C2333107-6FB4-4C77-9502-80F5A4600A57}.Debug|Any CPU.Build.0 = Debug|Any CPU
		{C2333107-6FB4-4C77-9502-80F5A4600A57}.Debug|x64.ActiveCfg = Debug|x64
		{C2333107-6FB4-4C77-9502-80F5A4600A57}.Debug|x64.Build.0 = Debug|x64
		{C2333107-6FB4-4C77-9502-80F5A4600A57}.Dev|Any CPU.ActiveCfg = Dev|Any CPU
		{C2333107-6FB4-4C77-9502-80F5A4600A57}.Dev|Any CPU.Build.0 = Dev|Any CPU
		{C2333107-6FB4-4C77-9502-80F5A4600A57}.Dev|x64.ActiveCfg = Dev|x64
		{C2333107-6FB4-4C77-9502-80F5A4600A57}.Dev|x64.Build.0 = Dev|x64
		{C2333107-6FB4-4C77-9502-80F5A4600A57}.Release|Any CPU.ActiveCfg = Release|Any CPU
		{C2333107-6FB4-4C77-9502-80F5A4600A57}.Release|Any CPU.Build.0 = Release|Any CPU
		{C2333107-6FB4-4C77-9502-80F5A4600A57}.Release|x64.ActiveCfg = Release|x64
		{C2333107-6FB4-4C77-9502-80F5A4600A57}.Release|x64.Build.0 = Release|x64
	EndGlobalSection
	GlobalSection(SolutionProperties) = preSolution
		HideSolutionNode = FALSE
	EndGlobalSection
	GlobalSection(ExtensibilityGlobals) = postSolution
		SolutionGuid = {AC22B52D-C18B-426A-97CE-58E390CF8A7A}
	EndGlobalSection
EndGlobal
